
Microsoft Visual Studio Solution File, Format Version 12.00
# Visual Studio Version 17
VisualStudioVersion = 17.10.35013.160
MinimumVisualStudioVersion = 10.0.40219.1
Project("{FAE04EC0-301F-11D3-BF4B-00C04F79EFBC}") = "calculadoraForms", "calculadoraForms\calculadoraForms.csproj", "{EBDAAAF2-8117-4C7B-86E6-DF9154254A26}"
EndProject
Global
	GlobalSection(SolutionConfigurationPlatforms) = preSolution
		Debug|Any CPU = Debug|Any CPU
		Release|Any CPU = Release|Any CPU
	EndGlobalSection
	GlobalSection(ProjectConfigurationPlatforms) = postSolution
		{EBDAAAF2-8117-4C7B-86E6-DF9154254A26}.Debug|Any CPU.ActiveCfg = Debug|Any CPU
		{EBDAAAF2-8117-4C7B-86E6-DF9154254A26}.Debug|Any CPU.Build.0 = Debug|Any CPU
		{EBDAAAF2-8117-4C7B-86E6-DF9154254A26}.Release|Any CPU.ActiveCfg = Release|Any CPU
		{EBDAAAF2-8117-4C7B-86E6-DF9154254A26}.Release|Any CPU.Build.0 = Release|Any CPU
	EndGlobalSection
	GlobalSection(SolutionProperties) = preSolution
		HideSolutionNode = FALSE
	EndGlobalSection
	GlobalSection(ExtensibilityGlobals) = postSolution
		SolutionGuid = {C00C880B-0482-4DB8-BE97-85BAEDDBF473}
	EndGlobalSection
EndGlobal
